{
  "name": "spa-seed",
  "version": "0.6.0",
  "dependencies": {
    "config": {
      "version": "1.24.0",
      "from": "config@>=1.24.0 <1.25.0",
      "resolved": "https://registry.npm.taobao.org/config/download/config-1.24.0.tgz",
      "dependencies": {
        "json5": {
          "version": "0.4.0",
          "from": "json5@0.4.0",
          "resolved": "https://registry.npmjs.org/json5/-/json5-0.4.0.tgz"
        }
      }
    },
    "http-errors": {
      "version": "1.5.1",
      "from": "http-errors@>=1.5.1 <2.0.0",
      "resolved": "https://registry.npm.taobao.org/http-errors/download/http-errors-1.5.1.tgz",
      "dependencies": {
        "inherits": {
          "version": "2.0.3",
          "from": "inherits@2.0.3",
          "resolved": "https://registry.npmjs.org/inherits/-/inherits-2.0.3.tgz"
        },
        "setprototypeof": {
          "version": "1.0.2",
          "from": "setprototypeof@1.0.2",
          "resolved": "https://registry.npmjs.org/setprototypeof/-/setprototypeof-1.0.2.tgz"
        },
        "statuses": {
          "version": "1.3.1",
          "from": "statuses@>=1.3.1 <2.0.0",
          "resolved": "https://registry.npm.taobao.org/statuses/download/statuses-1.3.1.tgz"
        }
      }
    },
    "ilog": {
      "version": "1.0.3",
      "from": "ilog@>=1.0.3 <2.0.0",
      "resolved": "https://registry.npm.taobao.org/ilog/download/ilog-1.0.3.tgz"
    },
    "proxy-addr": {
      "version": "1.1.2",
      "from": "proxy-addr@>=1.1.2 <2.0.0",
      "resolved": "https://registry.npm.taobao.org/proxy-addr/download/proxy-addr-1.1.2.tgz",
      "dependencies": {
        "forwarded": {
          "version": "0.1.0",
          "from": "forwarded@>=0.1.0 <0.2.0",
          "resolved": "https://registry.npm.taobao.org/forwarded/download/forwarded-0.1.0.tgz"
        },
        "ipaddr.js": {
          "version": "1.1.1",
          "from": "ipaddr.js@1.1.1",
          "resolved": "https://registry.npmjs.org/ipaddr.js/-/ipaddr.js-1.1.1.tgz"
        }
      }
    },
    "thunk-redis": {
      "version": "1.7.3",
      "from": "thunk-redis@>=1.7.3 <2.0.0",
      "resolved": "https://registry.npm.taobao.org/thunk-redis/download/thunk-redis-1.7.3.tgz",
      "dependencies": {
        "respjs": {
          "version": "3.2.0",
          "from": "respjs@>=3.2.0 <4.0.0",
          "resolved": "https://registry.npm.taobao.org/respjs/download/respjs-3.2.0.tgz"
        }
      }
    },
    "thunks": {
      "version": "4.7.5",
      "from": "thunks@>=4.7.5 <5.0.0",
      "resolved": "https://registry.npm.taobao.org/thunks/download/thunks-4.7.5.tgz"
    },
    "toa": {
      "version": "2.4.2",
      "from": "toa@>=2.4.2 <2.5.0",
      "dependencies": {
        "accepts": {
          "version": "1.3.3",
          "from": "accepts@>=1.3.3 <1.4.0",
          "resolved": "https://registry.npm.taobao.org/accepts/download/accepts-1.3.3.tgz",
          "dependencies": {
            "negotiator": {
              "version": "0.6.1",
              "from": "negotiator@0.6.1",
              "resolved": "https://registry.npmjs.org/negotiator/-/negotiator-0.6.1.tgz"
            }
          }
        },
        "content-disposition": {
          "version": "0.5.2",
          "from": "content-disposition@>=0.5.2 <0.6.0",
          "resolved": "https://registry.npmjs.org/content-disposition/-/content-disposition-0.5.2.tgz"
        },
        "content-type": {
          "version": "1.0.2",
          "from": "content-type@>=1.0.2 <1.1.0",
          "resolved": "https://registry.npm.taobao.org/content-type/download/content-type-1.0.2.tgz"
        },
        "cookies": {
          "version": "0.6.2",
          "from": "cookies@>=0.6.2 <0.7.0",
          "resolved": "https://registry.npmjs.org/cookies/-/cookies-0.6.2.tgz",
          "dependencies": {
            "depd": {
              "version": "1.1.0",
              "from": "depd@>=1.1.0 <1.2.0",
              "resolved": "https://registry.npm.taobao.org/depd/download/depd-1.1.0.tgz"
            },
            "keygrip": {
              "version": "1.0.1",
              "from": "keygrip@>=1.0.1 <1.1.0",
              "resolved": "https://registry.npm.taobao.org/keygrip/download/keygrip-1.0.1.tgz"
            }
          }
        },
        "delegates": {
          "version": "1.0.0",
          "from": "delegates@>=1.0.0 <1.1.0",
          "resolved": "https://registry.npmjs.org/delegates/-/delegates-1.0.0.tgz"
        },
        "destroy": {
          "version": "1.0.4",
          "from": "destroy@>=1.0.4 <1.1.0",
          "resolved": "https://registry.npm.taobao.org/destroy/download/destroy-1.0.4.tgz"
        },
        "escape-html": {
          "version": "1.0.3",
          "from": "escape-html@>=1.0.3 <1.1.0",
          "resolved": "https://registry.npm.taobao.org/escape-html/download/escape-html-1.0.3.tgz"
        },
        "fresh": {
          "version": "0.3.0",
          "from": "fresh@>=0.3.0 <0.4.0",
          "resolved": "https://registry.npm.taobao.org/fresh/download/fresh-0.3.0.tgz"
        },
        "mime-types": {
          "version": "2.1.13",
          "from": "mime-types@>=2.0.12 <3.0.0",
          "resolved": "https://registry.npm.taobao.org/mime-types/download/mime-types-2.1.13.tgz",
          "dependencies": {
            "mime-db": {
              "version": "1.25.0",
              "from": "mime-db@>=1.25.0 <1.26.0",
              "resolved": "https://registry.npm.taobao.org/mime-db/download/mime-db-1.25.0.tgz"
            }
          }
        },
        "parseurl": {
          "version": "1.3.1",
          "from": "parseurl@>=1.3.1 <1.4.0",
          "resolved": "https://registry.npm.taobao.org/parseurl/download/parseurl-1.3.1.tgz"
        },
        "statuses": {
          "version": "1.3.1",
          "from": "statuses@>=1.3.1 <2.0.0",
          "resolved": "https://registry.npm.taobao.org/statuses/download/statuses-1.3.1.tgz"
        },
        "type-is": {
          "version": "1.6.14",
          "from": "type-is@>=1.6.14 <1.7.0",
          "resolved": "https://registry.npm.taobao.org/type-is/download/type-is-1.6.14.tgz",
          "dependencies": {
            "media-typer": {
              "version": "0.3.0",
              "from": "media-typer@0.3.0",
              "resolved": "https://registry.npmjs.org/media-typer/-/media-typer-0.3.0.tgz"
            }
          }
        },
        "vary": {
          "version": "1.1.0",
          "from": "vary@>=1.1.0 <1.2.0",
          "resolved": "https://registry.npm.taobao.org/vary/download/vary-1.1.0.tgz"
        }
      }
    },
    "toa-body": {
      "version": "1.4.1",
      "from": "toa-body@>=1.4.1 <1.5.0",
      "resolved": "https://registry.npmjs.org/toa-body/-/toa-body-1.4.1.tgz",
      "dependencies": {
        "inflation": {
          "version": "2.0.0",
          "from": "inflation@>=2.0.0 <3.0.0",
          "resolved": "https://registry.npmjs.org/inflation/-/inflation-2.0.0.tgz"
        },
        "qs": {
          "version": "6.3.0",
          "from": "qs@>=6.2.1 <7.0.0",
          "resolved": "https://registry.npm.taobao.org/qs/download/qs-6.3.0.tgz"
        },
        "raw-body": {
          "version": "2.1.7",
          "from": "raw-body@>=2.1.7 <3.0.0",
          "resolved": "https://registry.npm.taobao.org/raw-body/download/raw-body-2.1.7.tgz",
          "dependencies": {
            "bytes": {
              "version": "2.4.0",
              "from": "bytes@2.4.0",
              "resolved": "https://registry.npm.taobao.org/bytes/download/bytes-2.4.0.tgz"
            },
            "iconv-lite": {
              "version": "0.4.13",
              "from": "iconv-lite@0.4.13",
              "resolved": "https://registry.npm.taobao.org/iconv-lite/download/iconv-lite-0.4.13.tgz"
            },
            "unpipe": {
              "version": "1.0.0",
              "from": "unpipe@1.0.0",
              "resolved": "https://registry.npmjs.org/unpipe/-/unpipe-1.0.0.tgz"
            }
          }
        }
      }
    },
    "toa-compress": {
      "version": "1.2.4",
      "from": "toa-compress@>=1.2.4 <1.3.0",
      "resolved": "https://registry.npmjs.org/toa-compress/-/toa-compress-1.2.4.tgz",
      "dependencies": {
        "compressible": {
          "version": "2.0.9",
          "from": "compressible@>=2.0.8 <3.0.0",
          "resolved": "https://registry.npmjs.org/compressible/-/compressible-2.0.9.tgz",
          "dependencies": {
            "mime-db": {
              "version": "1.25.0",
              "from": "mime-db@>=1.24.0 <2.0.0",
              "resolved": "https://registry.npm.taobao.org/mime-db/download/mime-db-1.25.0.tgz"
            }
          }
        }
      }
    },
    "toa-cookie-session": {
      "version": "0.2.5",
      "from": "toa-cookie-session@>=0.2.5 <0.3.0",
      "resolved": "https://registry.npmjs.org/toa-cookie-session/-/toa-cookie-session-0.2.5.tgz"
    },
    "toa-favicon": {
      "version": "1.2.3",
      "from": "toa-favicon@>=1.2.3 <1.3.0",
      "resolved": "https://registry.npmjs.org/toa-favicon/-/toa-favicon-1.2.3.tgz"
    },
    "toa-i18n": {
      "version": "0.2.0",
      "from": "toa-i18n@>=0.2.0 <0.3.0",
      "resolved": "https://registry.npmjs.org/toa-i18n/-/toa-i18n-0.2.0.tgz",
      "dependencies": {
        "i18n": {
          "version": "0.5.0",
          "from": "i18n@>=0.5.0 <0.6.0",
          "resolved": "https://registry.npmjs.org/i18n/-/i18n-0.5.0.tgz",
          "dependencies": {
            "sprintf": {
              "version": "0.1.5",
              "from": "sprintf@>=0.1.1",
              "resolved": "https://registry.npm.taobao.org/sprintf/download/sprintf-0.1.5.tgz"
            },
            "mustache": {
              "version": "2.3.0",
              "from": "mustache@*",
              "resolved": "https://registry.npm.taobao.org/mustache/download/mustache-2.3.0.tgz"
            },
            "debug": {
              "version": "2.4.4",
              "from": "debug@*",
              "resolved": "https://registry.npmjs.org/debug/-/debug-2.4.4.tgz",
              "dependencies": {
                "ms": {
                  "version": "0.7.2",
                  "from": "ms@0.7.2",
                  "resolved": "https://registry.npm.taobao.org/ms/download/ms-0.7.2.tgz"
                }
              }
            }
          }
        }
      }
    },
    "toa-mejs": {
      "version": "0.4.0",
      "from": "toa-mejs@>=0.4.0 <0.5.0",
      "resolved": "https://registry.npmjs.org/toa-mejs/-/toa-mejs-0.4.0.tgz",
      "dependencies": {
        "mejs": {
          "version": "0.8.2",
          "from": "mejs@>=0.8.1 <0.9.0",
          "resolved": "https://registry.npmjs.org/mejs/-/mejs-0.8.2.tgz",
          "dependencies": {
            "glob": {
              "version": "7.1.1",
              "from": "glob@>=7.0.5 <8.0.0",
              "resolved": "https://registry.npm.taobao.org/glob/download/glob-7.1.1.tgz",
              "dependencies": {
                "fs.realpath": {
                  "version": "1.0.0",
                  "from": "fs.realpath@>=1.0.0 <2.0.0",
                  "resolved": "https://registry.npm.taobao.org/fs.realpath/download/fs.realpath-1.0.0.tgz"
                },
                "inflight": {
                  "version": "1.0.6",
                  "from": "inflight@>=1.0.4 <2.0.0",
                  "resolved": "https://registry.npm.taobao.org/inflight/download/inflight-1.0.6.tgz",
                  "dependencies": {
                    "wrappy": {
                      "version": "1.0.2",
                      "from": "wrappy@>=1.0.0 <2.0.0",
                      "resolved": "https://registry.npm.taobao.org/wrappy/download/wrappy-1.0.2.tgz"
                    }
                  }
                },
                "inherits": {
                  "version": "2.0.3",
                  "from": "inherits@>=2.0.0 <3.0.0",
                  "resolved": "https://registry.npmjs.org/inherits/-/inherits-2.0.3.tgz"
                },
                "minimatch": {
                  "version": "3.0.3",
                  "from": "minimatch@>=3.0.2 <4.0.0",
                  "resolved": "https://registry.npm.taobao.org/minimatch/download/minimatch-3.0.3.tgz",
                  "dependencies": {
                    "brace-expansion": {
                      "version": "1.1.6",
                      "from": "brace-expansion@>=1.0.0 <2.0.0",
                      "resolved": "https://registry.npm.taobao.org/brace-expansion/download/brace-expansion-1.1.6.tgz",
                      "dependencies": {
                        "balanced-match": {
                          "version": "0.4.2",
                          "from": "balanced-match@>=0.4.1 <0.5.0",
                          "resolved": "https://registry.npm.taobao.org/balanced-match/download/balanced-match-0.4.2.tgz"
                        },
                        "concat-map": {
                          "version": "0.0.1",
                          "from": "concat-map@0.0.1",
                          "resolved": "https://registry.npmjs.org/concat-map/-/concat-map-0.0.1.tgz"
                        }
                      }
                    }
                  }
                },
                "once": {
                  "version": "1.4.0",
                  "from": "once@>=1.3.0 <2.0.0",
                  "resolved": "https://registry.npm.taobao.org/once/download/once-1.4.0.tgz",
                  "dependencies": {
                    "wrappy": {
                      "version": "1.0.2",
                      "from": "wrappy@>=1.0.0 <2.0.0",
                      "resolved": "https://registry.npm.taobao.org/wrappy/download/wrappy-1.0.2.tgz"
                    }
                  }
                },
                "path-is-absolute": {
                  "version": "1.0.1",
                  "from": "path-is-absolute@>=1.0.0 <2.0.0",
                  "resolved": "https://registry.npm.taobao.org/path-is-absolute/download/path-is-absolute-1.0.1.tgz"
                }
              }
            }
          }
        }
      }
    },
    "toa-morgan": {
      "version": "1.0.3",
      "from": "toa-morgan@>=1.0.3 <2.0.0",
      "resolved": "https://registry.npmjs.org/toa-morgan/-/toa-morgan-1.0.3.tgz"
    },
    "toa-ratelimit": {
      "version": "2.1.2",
      "from": "toa-ratelimit@>=2.1.2 <3.0.0",
      "resolved": "https://registry.npmjs.org/toa-ratelimit/-/toa-ratelimit-2.1.2.tgz",
      "dependencies": {
        "thunk-ratelimiter": {
          "version": "2.2.0",
          "from": "thunk-ratelimiter@>=2.1.5 <3.0.0"
        }
      }
    },
    "toa-router": {
      "version": "1.5.2",
      "from": "toa-router@>=1.5.2 <1.6.0",
      "resolved": "https://registry.npmjs.org/toa-router/-/toa-router-1.5.2.tgz",
      "dependencies": {
        "methods": {
          "version": "1.1.2",
          "from": "methods@>=1.0.0 <2.0.0",
          "resolved": "https://registry.npm.taobao.org/methods/download/methods-1.1.2.tgz"
        },
        "route-trie": {
          "version": "1.2.7",
          "from": "route-trie@>=1.2.7 <2.0.0",
          "resolved": "https://registry.npmjs.org/route-trie/-/route-trie-1.2.7.tgz"
        }
      }
    },
    "toa-static": {
      "version": "0.5.2",
      "from": "toa-static@>=0.5.2 <0.6.0",
      "resolved": "https://registry.npmjs.org/toa-static/-/toa-static-0.5.2.tgz",
      "dependencies": {
        "file-cache": {
          "version": "0.3.3",
          "from": "file-cache@>=0.3.3 <0.4.0",
          "resolved": "https://registry.npmjs.org/file-cache/-/file-cache-0.3.3.tgz",
          "dependencies": {
            "compressible": {
              "version": "2.0.9",
              "from": "compressible@>=2.0.2 <3.0.0",
              "resolved": "https://registry.npmjs.org/compressible/-/compressible-2.0.9.tgz",
              "dependencies": {
                "mime-db": {
                  "version": "1.25.0",
                  "from": "mime-db@>=1.24.0 <2.0.0",
                  "resolved": "https://registry.npm.taobao.org/mime-db/download/mime-db-1.25.0.tgz"
                }
              }
            },
            "lrucache": {
              "version": "0.2.0",
              "from": "lrucache@>=0.2.0 <0.3.0",
              "resolved": "https://registry.npmjs.org/lrucache/-/lrucache-0.2.0.tgz"
            },
            "mime-types": {
              "version": "2.1.13",
              "from": "mime-types@>=2.0.12 <3.0.0",
              "resolved": "https://registry.npm.taobao.org/mime-types/download/mime-types-2.1.13.tgz",
              "dependencies": {
                "mime-db": {
                  "version": "1.25.0",
                  "from": "mime-db@>=1.24.0 <2.0.0",
                  "resolved": "https://registry.npm.taobao.org/mime-db/download/mime-db-1.25.0.tgz"
                }
              }
            },
            "thunks": {
              "version": "3.5.2",
              "from": "thunks@>=3.1.1 <4.0.0",
              "resolved": "https://registry.npmjs.org/thunks/-/thunks-3.5.2.tgz"
            }
          }
        }
      }
    },
    "toa-token": {
      "version": "2.1.1",
      "from": "toa-token@>=2.1.1 <2.2.0",
      "resolved": "https://registry.npmjs.org/toa-token/-/toa-token-2.1.1.tgz",
      "dependencies": {
        "jsonwebtoken": {
          "version": "7.2.1",
          "from": "jsonwebtoken@>=7.1.9 <8.0.0",
          "resolved": "https://registry.npmjs.org/jsonwebtoken/-/jsonwebtoken-7.2.1.tgz",
          "dependencies": {
            "joi": {
              "version": "6.10.1",
              "from": "joi@>=6.10.1 <7.0.0",
              "resolved": "https://registry.npm.taobao.org/joi/download/joi-6.10.1.tgz",
              "dependencies": {
                "hoek": {
                  "version": "2.16.3",
                  "from": "hoek@>=2.0.0 <3.0.0",
                  "resolved": "https://registry.npm.taobao.org/hoek/download/hoek-2.16.3.tgz"
                },
                "topo": {
                  "version": "1.1.0",
                  "from": "topo@>=1.0.0 <2.0.0",
                  "resolved": "https://registry.npm.taobao.org/topo/download/topo-1.1.0.tgz"
                },
                "isemail": {
                  "version": "1.2.0",
                  "from": "isemail@>=1.0.0 <2.0.0",
                  "resolved": "https://registry.npm.taobao.org/isemail/download/isemail-1.2.0.tgz"
                },
                "moment": {
                  "version": "2.17.1",
                  "from": "moment@>=2.0.0 <3.0.0",
                  "resolved": "https://registry.npmjs.org/moment/-/moment-2.17.1.tgz"
                }
              }
            },
            "jws": {
              "version": "3.1.4",
              "from": "jws@>=3.1.4 <4.0.0",
              "resolved": "https://registry.npm.taobao.org/jws/download/jws-3.1.4.tgz",
              "dependencies": {
                "base64url": {
                  "version": "2.0.0",
                  "from": "base64url@>=2.0.0 <3.0.0",
                  "resolved": "https://registry.npm.taobao.org/base64url/download/base64url-2.0.0.tgz"
                },
                "jwa": {
                  "version": "1.1.5",
                  "from": "jwa@>=1.1.4 <2.0.0",
                  "resolved": "https://registry.npmjs.org/jwa/-/jwa-1.1.5.tgz",
                  "dependencies": {
                    "buffer-equal-constant-time": {
                      "version": "1.0.1",
                      "from": "buffer-equal-constant-time@1.0.1",
                      "resolved": "https://registry.npmjs.org/buffer-equal-constant-time/-/buffer-equal-constant-time-1.0.1.tgz"
                    },
                    "ecdsa-sig-formatter": {
                      "version": "1.0.9",
                      "from": "ecdsa-sig-formatter@1.0.9",
                      "resolved": "https://registry.npmjs.org/ecdsa-sig-formatter/-/ecdsa-sig-formatter-1.0.9.tgz"
                    }
                  }
                },
                "safe-buffer": {
                  "version": "5.0.1",
                  "from": "safe-buffer@>=5.0.1 <6.0.0",
                  "resolved": "https://registry.npm.taobao.org/safe-buffer/download/safe-buffer-5.0.1.tgz"
                }
              }
            },
            "lodash.once": {
              "version": "4.1.1",
              "from": "lodash.once@>=4.0.0 <5.0.0",
              "resolved": "https://registry.npm.taobao.org/lodash.once/download/lodash.once-4.1.1.tgz"
            },
            "ms": {
              "version": "0.7.2",
              "from": "ms@>=0.7.1 <0.8.0",
              "resolved": "https://registry.npm.taobao.org/ms/download/ms-0.7.2.tgz"
            },
            "xtend": {
              "version": "4.0.1",
              "from": "xtend@>=4.0.1 <5.0.0",
              "resolved": "https://registry.npm.taobao.org/xtend/download/xtend-4.0.1.tgz"
            }
          }
        }
      }
    },
    "ua-parser-js": {
      "version": "0.7.12",
      "from": "ua-parser-js@>=0.7.12 <0.8.0",
      "resolved": "https://registry.npmjs.org/ua-parser-js/-/ua-parser-js-0.7.12.tgz"
    }
  }
}
